
Microsoft Visual Studio Solution File, Format Version 12.00
# Visual Studio 2012
Project("{FAE04EC0-301F-11D3-BF4B-00C04F79EFBC}") = "ToolTip", "ToolTip\ToolTip.csproj", "{8A05C3B8-D6A3-408B-AEE6-A2C1EC48F63A}"
EndProject
Project("{D954291E-2A0B-460D-934E-DC6B0785DB48}") = "Shared", "Shared\Shared.shproj", "{8AE69DE3-F417-480E-81A3-A2B20CDA4348}"
EndProject
Project("{FAE04EC0-301F-11D3-BF4B-00C04F79EFBC}") = "CenteredWindow", "CenteredWindow\CenteredWindow.csproj", "{711FA5B6-B70D-4399-93E8-FC68370818FB}"
EndProject
Project("{FAE04EC0-301F-11D3-BF4B-00C04F79EFBC}") = "QuitButton", "QuitButton\QuitButton.csproj", "{343AF2DF-43D3-44DE-9BAC-68859BD19D35}"
EndProject
Project("{FAE04EC0-301F-11D3-BF4B-00C04F79EFBC}") = "AbsolutePositioning", "AbsolutePositioning\AbsolutePositioning.csproj", "{45FBD970-214D-4339-B3E1-8E22DCFA79B9}"
EndProject
Project("{FAE04EC0-301F-11D3-BF4B-00C04F79EFBC}") = "LayoutBottomRightCorner", "LayoutBottomRightCorner\LayoutBottomRightCorner.csproj", "{E520D8AF-7B5B-462D-BF45-25C29BB3D796}"
EndProject
Project("{FAE04EC0-301F-11D3-BF4B-00C04F79EFBC}") = "NestedBoxLayout", "NestedBoxLayout\NestedBoxLayout.csproj", "{E992724A-914C-4FCD-9EC5-E2E8FABAA1DE}"
EndProject
Project("{FAE04EC0-301F-11D3-BF4B-00C04F79EFBC}") = "NewFolderLayout", "NewFolderLayout\NewFolderLayout.csproj", "{E98E2B9C-E1B1-4317-AB84-A59EA29B6CAF}"
EndProject
Global
	GlobalSection(SolutionConfigurationPlatforms) = preSolution
		Debug|x86 = Debug|x86
		Release|x86 = Release|x86
	EndGlobalSection
	GlobalSection(ProjectConfigurationPlatforms) = postSolution
		{343AF2DF-43D3-44DE-9BAC-68859BD19D35}.Debug|x86.ActiveCfg = Debug|x86
		{343AF2DF-43D3-44DE-9BAC-68859BD19D35}.Debug|x86.Build.0 = Debug|x86
		{343AF2DF-43D3-44DE-9BAC-68859BD19D35}.Release|x86.ActiveCfg = Release|x86
		{343AF2DF-43D3-44DE-9BAC-68859BD19D35}.Release|x86.Build.0 = Release|x86
		{45FBD970-214D-4339-B3E1-8E22DCFA79B9}.Debug|x86.ActiveCfg = Debug|x86
		{45FBD970-214D-4339-B3E1-8E22DCFA79B9}.Debug|x86.Build.0 = Debug|x86
		{45FBD970-214D-4339-B3E1-8E22DCFA79B9}.Release|x86.ActiveCfg = Release|x86
		{45FBD970-214D-4339-B3E1-8E22DCFA79B9}.Release|x86.Build.0 = Release|x86
		{711FA5B6-B70D-4399-93E8-FC68370818FB}.Debug|x86.ActiveCfg = Debug|x86
		{711FA5B6-B70D-4399-93E8-FC68370818FB}.Debug|x86.Build.0 = Debug|x86
		{711FA5B6-B70D-4399-93E8-FC68370818FB}.Release|x86.ActiveCfg = Release|x86
		{711FA5B6-B70D-4399-93E8-FC68370818FB}.Release|x86.Build.0 = Release|x86
		{8A05C3B8-D6A3-408B-AEE6-A2C1EC48F63A}.Debug|x86.ActiveCfg = Debug|x86
		{8A05C3B8-D6A3-408B-AEE6-A2C1EC48F63A}.Debug|x86.Build.0 = Debug|x86
		{8A05C3B8-D6A3-408B-AEE6-A2C1EC48F63A}.Release|x86.ActiveCfg = Release|x86
		{8A05C3B8-D6A3-408B-AEE6-A2C1EC48F63A}.Release|x86.Build.0 = Release|x86
		{E520D8AF-7B5B-462D-BF45-25C29BB3D796}.Debug|x86.ActiveCfg = Debug|x86
		{E520D8AF-7B5B-462D-BF45-25C29BB3D796}.Debug|x86.Build.0 = Debug|x86
		{E520D8AF-7B5B-462D-BF45-25C29BB3D796}.Release|x86.ActiveCfg = Release|x86
		{E520D8AF-7B5B-462D-BF45-25C29BB3D796}.Release|x86.Build.0 = Release|x86
		{E98E2B9C-E1B1-4317-AB84-A59EA29B6CAF}.Debug|x86.ActiveCfg = Debug|x86
		{E98E2B9C-E1B1-4317-AB84-A59EA29B6CAF}.Debug|x86.Build.0 = Debug|x86
		{E98E2B9C-E1B1-4317-AB84-A59EA29B6CAF}.Release|x86.ActiveCfg = Release|x86
		{E98E2B9C-E1B1-4317-AB84-A59EA29B6CAF}.Release|x86.Build.0 = Release|x86
		{E992724A-914C-4FCD-9EC5-E2E8FABAA1DE}.Debug|x86.ActiveCfg = Debug|x86
		{E992724A-914C-4FCD-9EC5-E2E8FABAA1DE}.Debug|x86.Build.0 = Debug|x86
		{E992724A-914C-4FCD-9EC5-E2E8FABAA1DE}.Release|x86.ActiveCfg = Release|x86
		{E992724A-914C-4FCD-9EC5-E2E8FABAA1DE}.Release|x86.Build.0 = Release|x86
	EndGlobalSection
EndGlobal
